// !$*UTF8*$!
{
	archiveVersion = 1;
	classes = {
	};
	objectVersion = 77;
	objects = {

/* Begin PBXBuildFile section */
		03D94A3ABF9A8DA287853FC3 /* MacroDialView.swift in Sources */ = {isa = PBXBuildFile; fileRef = 99EC47EB9E929A83607CFA75 /* MacroDialView.swift */; };
		04A2478CBF15DF30769DCB86 /* TrainingLedgerView.swift in Sources */ = {isa = PBXBuildFile; fileRef = 68DD4FF5A653EF647F65446D /* TrainingLedgerView.swift */; };
		3BEB4B52B8D765A378D72A75 /* ActiveSessionBanner.swift in Sources */ = {isa = PBXBuildFile; fileRef = 38044FCFBD4FE2B73EA95660 /* ActiveSessionBanner.swift */; };
		426B4B9F936C633C81322462 /* TechnicalFoodLabelView.swift in Sources */ = {isa = PBXBuildFile; fileRef = 4C6842AE94538CE8B5D4D2CB /* TechnicalFoodLabelView.swift */; };
		500444BB942149C86DFB9F2C /* HapticManager.swift in Sources */ = {isa = PBXBuildFile; fileRef = 0CC84423B4959CB214A89CE3 /* HapticManager.swift */; };
		611441E0BB291BAC76039C41 /* ManageMyFoodsView.swift in Sources */ = {isa = PBXBuildFile; fileRef = 13634B18AF64D17186DCC881 /* ManageMyFoodsView.swift */; };
		77324C27B46E0972F0A1D599 /* HennemanMeterView.swift in Sources */ = {isa = PBXBuildFile; fileRef = EF13432A87C9045A0ADB9BEE /* HennemanMeterView.swift */; };
		77B34EBBB01E06E25A555C83 /* DocumentVaultView.swift in Sources */ = {isa = PBXBuildFile; fileRef = FF9C43B0AB4FB5FB642E3F16 /* DocumentVaultView.swift */; };
		92C642BDAD727F4C98208176 /* RestaurantScanView.swift in Sources */ = {isa = PBXBuildFile; fileRef = 25174A77B1B72B6E56F49FC9 /* RestaurantScanView.swift */; };
		9A1E42C88F28A62D2AF5A0DC /* FoodComparisonEngine.swift in Sources */ = {isa = PBXBuildFile; fileRef = 5B1C48518FD9A755C598A578 /* FoodComparisonEngine.swift */; };
		AF194A4C8DA725D08421C9CD /* NutritionAPIManager.swift in Sources */ = {isa = PBXBuildFile; fileRef = 2E5B4A538035FE62EC06EB39 /* NutritionAPIManager.swift */; };
		C0EA421CA7EC32BF67DE5262 /* ForgeSessionView.swift in Sources */ = {isa = PBXBuildFile; fileRef = 64154579873E6815FA79158B /* ForgeSessionView.swift */; };
		C5804F0AB75B2F1245D7C297 /* FoodActionSheetView.swift in Sources */ = {isa = PBXBuildFile; fileRef = 56804C32B1B5096E09B41DDF /* FoodActionSheetView.swift */; };
		DE8043589232337665868DFC /* FoodConsumptionHistoryView.swift in Sources */ = {isa = PBXBuildFile; fileRef = 767C48EBAEF35050AEA9492C /* FoodConsumptionHistoryView.swift */; };
		E94D462CB3C4D44FF22A7877 /* ShortcutsMenuSheet.swift in Sources */ = {isa = PBXBuildFile; fileRef = AD2A4EB9B5AB6F519781548B /* ShortcutsMenuSheet.swift */; };
		F0D54168B5905DA68DF8AE2F /* DietToolsView.swift in Sources */ = {isa = PBXBuildFile; fileRef = 7E954CA5B4F5C856D68B7ADA /* DietToolsView.swift */; };
		FE1D47ADAA17892F04B1DB44 /* WeeklyAdherenceView.swift in Sources */ = {isa = PBXBuildFile; fileRef = CC2441DE97535648586D29E3 /* WeeklyAdherenceView.swift */; };
/* End PBXBuildFile section */

/* Begin PBXFileReference section */
		0CC84423B4959CB214A89CE3 /* HapticManager.swift */ = {isa = PBXFileReference; lastKnownFileType = sourcecode.swift; name = HapticManager.swift; path = "The Friendly Fitness Companion/The Friendly Fitness Companion/HapticManager.swift"; sourceTree = SOURCE_ROOT; };
		13634B18AF64D17186DCC881 /* ManageMyFoodsView.swift */ = {isa = PBXFileReference; lastKnownFileType = sourcecode.swift; name = ManageMyFoodsView.swift; path = "The Friendly Fitness Companion/The Friendly Fitness Companion/ManageMyFoodsView.swift"; sourceTree = SOURCE_ROOT; };
		25174A77B1B72B6E56F49FC9 /* RestaurantScanView.swift */ = {isa = PBXFileReference; lastKnownFileType = sourcecode.swift; name = RestaurantScanView.swift; path = "The Friendly Fitness Companion/The Friendly Fitness Companion/RestaurantScanView.swift"; sourceTree = SOURCE_ROOT; };
		2E5B4A538035FE62EC06EB39 /* NutritionAPIManager.swift */ = {isa = PBXFileReference; lastKnownFileType = sourcecode.swift; name = NutritionAPIManager.swift; path = "The Friendly Fitness Companion/The Friendly Fitness Companion/NutritionAPIManager.swift"; sourceTree = SOURCE_ROOT; };
		38044FCFBD4FE2B73EA95660 /* ActiveSessionBanner.swift */ = {isa = PBXFileReference; lastKnownFileType = sourcecode.swift; name = ActiveSessionBanner.swift; path = "The Friendly Fitness Companion/The Friendly Fitness Companion/ActiveSessionBanner.swift"; sourceTree = SOURCE_ROOT; };
		4C6842AE94538CE8B5D4D2CB /* TechnicalFoodLabelView.swift */ = {isa = PBXFileReference; lastKnownFileType = sourcecode.swift; name = TechnicalFoodLabelView.swift; path = "The Friendly Fitness Companion/The Friendly Fitness Companion/TechnicalFoodLabelView.swift"; sourceTree = SOURCE_ROOT; };
		56804C32B1B5096E09B41DDF /* FoodActionSheetView.swift */ = {isa = PBXFileReference; lastKnownFileType = sourcecode.swift; name = FoodActionSheetView.swift; path = "The Friendly Fitness Companion/The Friendly Fitness Companion/FoodActionSheetView.swift"; sourceTree = SOURCE_ROOT; };
		5B1C48518FD9A755C598A578 /* FoodComparisonEngine.swift */ = {isa = PBXFileReference; lastKnownFileType = sourcecode.swift; name = FoodComparisonEngine.swift; path = "The Friendly Fitness Companion/The Friendly Fitness Companion/FoodComparisonEngine.swift"; sourceTree = SOURCE_ROOT; };
		64154579873E6815FA79158B /* ForgeSessionView.swift */ = {isa = PBXFileReference; lastKnownFileType = sourcecode.swift; name = ForgeSessionView.swift; path = "The Friendly Fitness Companion/The Friendly Fitness Companion/ForgeSessionView.swift"; sourceTree = SOURCE_ROOT; };
		68DD4FF5A653EF647F65446D /* TrainingLedgerView.swift */ = {isa = PBXFileReference; lastKnownFileType = sourcecode.swift; name = TrainingLedgerView.swift; path = "The Friendly Fitness Companion/The Friendly Fitness Companion/TrainingLedgerView.swift"; sourceTree = SOURCE_ROOT; };
		767C48EBAEF35050AEA9492C /* FoodConsumptionHistoryView.swift */ = {isa = PBXFileReference; lastKnownFileType = sourcecode.swift; name = FoodConsumptionHistoryView.swift; path = "The Friendly Fitness Companion/The Friendly Fitness Companion/FoodConsumptionHistoryView.swift"; sourceTree = SOURCE_ROOT; };
		7E954CA5B4F5C856D68B7ADA /* DietToolsView.swift */ = {isa = PBXFileReference; lastKnownFileType = sourcecode.swift; name = DietToolsView.swift; path = "The Friendly Fitness Companion/The Friendly Fitness Companion/DietToolsView.swift"; sourceTree = SOURCE_ROOT; };
		99EC47EB9E929A83607CFA75 /* MacroDialView.swift */ = {isa = PBXFileReference; lastKnownFileType = sourcecode.swift; name = MacroDialView.swift; path = "The Friendly Fitness Companion/The Friendly Fitness Companion/MacroDialView.swift"; sourceTree = SOURCE_ROOT; };
		AD2A4EB9B5AB6F519781548B /* ShortcutsMenuSheet.swift */ = {isa = PBXFileReference; lastKnownFileType = sourcecode.swift; name = ShortcutsMenuSheet.swift; path = "The Friendly Fitness Companion/The Friendly Fitness Companion/ShortcutsMenuSheet.swift"; sourceTree = SOURCE_ROOT; };
		B16AB3DA2FAA74BA0068D7DA /* The Friendly Fitness Companion.app */ = {isa = PBXFileReference; explicitFileType = wrapper.application; includeInIndex = 0; path = "The Friendly Fitness Companion.app"; sourceTree = BUILT_PRODUCTS_DIR; };
		CC2441DE97535648586D29E3 /* WeeklyAdherenceView.swift */ = {isa = PBXFileReference; lastKnownFileType = sourcecode.swift; name = WeeklyAdherenceView.swift; path = "The Friendly Fitness Companion/The Friendly Fitness Companion/WeeklyAdherenceView.swift"; sourceTree = SOURCE_ROOT; };
		EF13432A87C9045A0ADB9BEE /* HennemanMeterView.swift */ = {isa = PBXFileReference; lastKnownFileType = sourcecode.swift; name = HennemanMeterView.swift; path = "The Friendly Fitness Companion/The Friendly Fitness Companion/HennemanMeterView.swift"; sourceTree = SOURCE_ROOT; };
		FF9C43B0AB4FB5FB642E3F16 /* DocumentVaultView.swift */ = {isa = PBXFileReference; lastKnownFileType = sourcecode.swift; name = DocumentVaultView.swift; path = "The Friendly Fitness Companion/The Friendly Fitness Companion/DocumentVaultView.swift"; sourceTree = SOURCE_ROOT; };
/* End PBXFileReference section */

/* Begin PBXFileSystemSynchronizedRootGroup section */
		B16AB3DC2FAA74BA0068D7DA /* The Friendly Fitness Companion */ = {isa = PBXFileSystemSynchronizedRootGroup; path = "The Friendly Fitness Companion"; sourceTree = "<group>"; };
/* End PBXFileSystemSynchronizedRootGroup section */

/* Begin PBXFrameworksBuildPhase section */
		B16AB3D72FAA74BA0068D7DA /* Frameworks */ = {
			isa = PBXFrameworksBuildPhase;
			buildActionMask = 2147483647;
			files = (
			);
			runOnlyForDeploymentPostprocessing = 0;
		};
/* End PBXFrameworksBuildPhase section */

/* Begin PBXGroup section */
		B16AB3D12FAA74BA0068D7DA = {
			isa = PBXGroup;
			children = (
				B16AB3DC2FAA74BA0068D7DA /* The Friendly Fitness Companion */,
				B16AB3DB2FAA74BA0068D7DA /* Products */,
				BB6A4CBB9CECF98E6A5D27DE /* The Friendly Fitness Companion */,
			);
			sourceTree = "<group>";
		};
		B16AB3DB2FAA74BA0068D7DA /* Products */ = {
			isa = PBXGroup;
			children = (
				B16AB3DA2FAA74BA0068D7DA /* The Friendly Fitness Companion.app */,
			);
			name = Products;
			sourceTree = "<group>";
		};
		BB6A4CBB9CECF98E6A5D27DE /* The Friendly Fitness Companion */ = {
			isa = PBXGroup;
			children = (
				68DD4FF5A653EF647F65446D /* TrainingLedgerView.swift */,
				0CC84423B4959CB214A89CE3 /* HapticManager.swift */,
				38044FCFBD4FE2B73EA95660 /* ActiveSessionBanner.swift */,
				AD2A4EB9B5AB6F519781548B /* ShortcutsMenuSheet.swift */,
				64154579873E6815FA79158B /* ForgeSessionView.swift */,
				99EC47EB9E929A83607CFA75 /* MacroDialView.swift */,
				CC2441DE97535648586D29E3 /* WeeklyAdherenceView.swift */,
				7E954CA5B4F5C856D68B7ADA /* DietToolsView.swift */,
				56804C32B1B5096E09B41DDF /* FoodActionSheetView.swift */,
				5B1C48518FD9A755C598A578 /* FoodComparisonEngine.swift */,
				767C48EBAEF35050AEA9492C /* FoodConsumptionHistoryView.swift */,
				13634B18AF64D17186DCC881 /* ManageMyFoodsView.swift */,
				4C6842AE94538CE8B5D4D2CB /* TechnicalFoodLabelView.swift */,
				2E5B4A538035FE62EC06EB39 /* NutritionAPIManager.swift */,
				FF9C43B0AB4FB5FB642E3F16 /* DocumentVaultView.swift */,
				25174A77B1B72B6E56F49FC9 /* RestaurantScanView.swift */,
				EF13432A87C9045A0ADB9BEE /* HennemanMeterView.swift */,
			);
			name = "The Friendly Fitness Companion";
			sourceTree = "<group>";
		};
/* End PBXGroup section */

/* Begin PBXNativeTarget section */
		B16AB3D92FAA74BA0068D7DA /* The Friendly Fitness Companion */ = {
			isa = PBXNativeTarget;
			buildConfigurationList = B16AB3E72FAA74BB0068D7DA /* Build configuration list for PBXNativeTarget "The Friendly Fitness Companion" */;
			buildPhases = (
				B16AB3D62FAA74BA0068D7DA /* Sources */,
				B16AB3D72FAA74BA0068D7DA /* Frameworks */,
				B16AB3D82FAA74BA0068D7DA /* Resources */,
			);
			buildRules = (
			);
			dependencies = (
			);
			fileSystemSynchronizedGroups = (
				B16AB3DC2FAA74BA0068D7DA /* The Friendly Fitness Companion */,
			);
			name = "The Friendly Fitness Companion";
			productName = "The Friendly Fitness Companion";
			productReference = B16AB3DA2FAA74BA0068D7DA /* The Friendly Fitness Companion.app */;
			productType = "com.apple.product-type.application";
		};
/* End PBXNativeTarget section */

/* Begin PBXProject section */
		B16AB3D22FAA74BA0068D7DA /* Project object */ = {
			isa = PBXProject;
			attributes = {
				BuildIndependentTargetsInParallel = 1;
				LastSwiftUpdateCheck = 2640;
				LastUpgradeCheck = 2640;
				TargetAttributes = {
					B16AB3D92FAA74BA0068D7DA = {
						CreatedOnToolsVersion = 26.4;
					};
				};
			};
			buildConfigurationList = B16AB3D52FAA74BA0068D7DA /* Build configuration list for PBXProject "The Friendly Fitness Companion" */;
			developmentRegion = en;
			hasScannedForEncodings = 0;
			knownRegions = (
				en,
				Base,
			);
			mainGroup = B16AB3D12FAA74BA0068D7DA;
			minimizedProjectReferenceProxies = 1;
			preferredProjectObjectVersion = 77;
			productRefGroup = B16AB3DB2FAA74BA0068D7DA /* Products */;
			projectDirPath = "";
			projectRoot = "";
			targets = (
				B16AB3D92FAA74BA0068D7DA /* The Friendly Fitness Companion */,
			);
		};
/* End PBXProject section */

/* Begin PBXResourcesBuildPhase section */
		B16AB3D82FAA74BA0068D7DA /* Resources */ = {
			isa = PBXResourcesBuildPhase;
			buildActionMask = 2147483647;
			files = (
			);
			runOnlyForDeploymentPostprocessing = 0;
		};
/* End PBXResourcesBuildPhase section */

/* Begin PBXSourcesBuildPhase section */
		B16AB3D62FAA74BA0068D7DA /* Sources */ = {
			isa = PBXSourcesBuildPhase;
			buildActionMask = 2147483647;
			files = (
				04A2478CBF15DF30769DCB86 /* TrainingLedgerView.swift in Sources */,
				500444BB942149C86DFB9F2C /* HapticManager.swift in Sources */,
				3BEB4B52B8D765A378D72A75 /* ActiveSessionBanner.swift in Sources */,
				E94D462CB3C4D44FF22A7877 /* ShortcutsMenuSheet.swift in Sources */,
				C0EA421CA7EC32BF67DE5262 /* ForgeSessionView.swift in Sources */,
				03D94A3ABF9A8DA287853FC3 /* MacroDialView.swift in Sources */,
				FE1D47ADAA17892F04B1DB44 /* WeeklyAdherenceView.swift in Sources */,
				F0D54168B5905DA68DF8AE2F /* DietToolsView.swift in Sources */,
				C5804F0AB75B2F1245D7C297 /* FoodActionSheetView.swift in Sources */,
				9A1E42C88F28A62D2AF5A0DC /* FoodComparisonEngine.swift in Sources */,
				DE8043589232337665868DFC /* FoodConsumptionHistoryView.swift in Sources */,
				611441E0BB291BAC76039C41 /* ManageMyFoodsView.swift in Sources */,
				426B4B9F936C633C81322462 /* TechnicalFoodLabelView.swift in Sources */,
				AF194A4C8DA725D08421C9CD /* NutritionAPIManager.swift in Sources */,
				77B34EBBB01E06E25A555C83 /* DocumentVaultView.swift in Sources */,
				92C642BDAD727F4C98208176 /* RestaurantScanView.swift in Sources */,
				77324C27B46E0972F0A1D599 /* HennemanMeterView.swift in Sources */,
			);
			runOnlyForDeploymentPostprocessing = 0;
		};
/* End PBXSourcesBuildPhase section */

/* Begin XCBuildConfiguration section */
		B16AB3E52FAA74BB0068D7DA /* Debug */ = {
			isa = XCBuildConfiguration;
			buildSettings = {
				ALWAYS_SEARCH_USER_PATHS = NO;
				ASSETCATALOG_COMPILER_GENERATE_SWIFT_ASSET_SYMBOL_EXTENSIONS = YES;
				CLANG_ANALYZER_NONNULL = YES;
				CLANG_ANALYZER_NUMBER_OBJECT_CONVERSION = YES_AGGRESSIVE;
				CLANG_CXX_LANGUAGE_STANDARD = "gnu++20";
				CLANG_ENABLE_MODULES = YES;
				CLANG_ENABLE_OBJC_ARC = YES;
				CLANG_ENABLE_OBJC_WEAK = YES;
				CLANG_WARN_BLOCK_CAPTURE_AUTORELEASING = YES;
				CLANG_WARN_BOOL_CONVERSION = YES;
				CLANG_WARN_COMMA = YES;
				CLANG_WARN_CONSTANT_CONVERSION = YES;
				CLANG_WARN_DEPRECATED_OBJC_IMPLEMENTATIONS = YES;
				CLANG_WARN_DIRECT_OBJC_ISA_USAGE = YES_ERROR;
				CLANG_WARN_DOCUMENTATION_COMMENTS = YES;
				CLANG_WARN_EMPTY_BODY = YES;
				CLANG_WARN_ENUM_CONVERSION = YES;
				CLANG_WARN_INFINITE_RECURSION = YES;
				CLANG_WARN_INT_CONVERSION = YES;
				CLANG_WARN_NON_LITERAL_NULL_CONVERSION = YES;
				CLANG_WARN_OBJC_IMPLICIT_RETAIN_SELF = YES;
				CLANG_WARN_OBJC_LITERAL_CONVERSION = YES;
				CLANG_WARN_OBJC_ROOT_CLASS = YES_ERROR;
				CLANG_WARN_QUOTED_INCLUDE_IN_FRAMEWORK_HEADER = YES;
				CLANG_WARN_RANGE_LOOP_ANALYSIS = YES;
				CLANG_WARN_STRICT_PROTOTYPES = YES;
				CLANG_WARN_SUSPICIOUS_MOVE = YES;
				CLANG_WARN_UNGUARDED_AVAILABILITY = YES_AGGRESSIVE;
				CLANG_WARN_UNREACHABLE_CODE = YES;
				CLANG_WARN__DUPLICATE_METHOD_MATCH = YES;
				COPY_PHASE_STRIP = NO;
				DEBUG_INFORMATION_FORMAT = dwarf;
				DEVELOPMENT_TEAM = 5HY722746C;
				ENABLE_STRICT_OBJC_MSGSEND = YES;
				ENABLE_TESTABILITY = YES;
				ENABLE_USER_SCRIPT_SANDBOXING = YES;
				GCC_C_LANGUAGE_STANDARD = gnu17;
				GCC_DYNAMIC_NO_PIC = NO;
				GCC_NO_COMMON_BLOCKS = YES;
				GCC_OPTIMIZATION_LEVEL = 0;
				GCC_PREPROCESSOR_DEFINITIONS = (
					"DEBUG=1",
					"$(inherited)",
				);
				GCC_WARN_64_TO_32_BIT_CONVERSION = YES;
				GCC_WARN_ABOUT_RETURN_TYPE = YES_ERROR;
				GCC_WARN_UNDECLARED_SELECTOR = YES;
				GCC_WARN_UNINITIALIZED_AUTOS = YES_AGGRESSIVE;
				GCC_WARN_UNUSED_FUNCTION = YES;
				GCC_WARN_UNUSED_VARIABLE = YES;
				IPHONEOS_DEPLOYMENT_TARGET = 26.4;
				LOCALIZATION_PREFERS_STRING_CATALOGS = YES;
				MTL_ENABLE_DEBUG_INFO = INCLUDE_SOURCE;
				MTL_FAST_MATH = YES;
				ONLY_ACTIVE_ARCH = YES;
				SDKROOT = iphoneos;
				SWIFT_ACTIVE_COMPILATION_CONDITIONS = "DEBUG $(inherited)";
				SWIFT_OPTIMIZATION_LEVEL = "-Onone";
			};
			name = Debug;
		};
		B16AB3E62FAA74BB0068D7DA /* Release */ = {
			isa = XCBuildConfiguration;
			buildSettings = {
				ALWAYS_SEARCH_USER_PATHS = NO;
				ASSETCATALOG_COMPILER_GENERATE_SWIFT_ASSET_SYMBOL_EXTENSIONS = YES;
				CLANG_ANALYZER_NONNULL = YES;
				CLANG_ANALYZER_NUMBER_OBJECT_CONVERSION = YES_AGGRESSIVE;
				CLANG_CXX_LANGUAGE_STANDARD = "gnu++20";
				CLANG_ENABLE_MODULES = YES;
				CLANG_ENABLE_OBJC_ARC = YES;
				CLANG_ENABLE_OBJC_WEAK = YES;
				CLANG_WARN_BLOCK_CAPTURE_AUTORELEASING = YES;
				CLANG_WARN_BOOL_CONVERSION = YES;
				CLANG_WARN_COMMA = YES;
				CLANG_WARN_CONSTANT_CONVERSION = YES;
				CLANG_WARN_DEPRECATED_OBJC_IMPLEMENTATIONS = YES;
				CLANG_WARN_DIRECT_OBJC_ISA_USAGE = YES_ERROR;
				CLANG_WARN_DOCUMENTATION_COMMENTS = YES;
				CLANG_WARN_EMPTY_BODY = YES;
				CLANG_WARN_ENUM_CONVERSION = YES;
				CLANG_WARN_INFINITE_RECURSION = YES;
				CLANG_WARN_INT_CONVERSION = YES;
				CLANG_WARN_NON_LITERAL_NULL_CONVERSION = YES;
				CLANG_WARN_OBJC_IMPLICIT_RETAIN_SELF = YES;
				CLANG_WARN_OBJC_LITERAL_CONVERSION = YES;
				CLANG_WARN_OBJC_ROOT_CLASS = YES_ERROR;
				CLANG_WARN_QUOTED_INCLUDE_IN_FRAMEWORK_HEADER = YES;
				CLANG_WARN_RANGE_LOOP_ANALYSIS = YES;
				CLANG_WARN_STRICT_PROTOTYPES = YES;
				CLANG_WARN_SUSPICIOUS_MOVE = YES;
				CLANG_WARN_UNGUARDED_AVAILABILITY = YES_AGGRESSIVE;
				CLANG_WARN_UNREACHABLE_CODE = YES;
				CLANG_WARN__DUPLICATE_METHOD_MATCH = YES;
				COPY_PHASE_STRIP = NO;
				DEBUG_INFORMATION_FORMAT = "dwarf-with-dsym";
				DEVELOPMENT_TEAM = 5HY722746C;
				ENABLE_NS_ASSERTIONS = NO;
				ENABLE_STRICT_OBJC_MSGSEND = YES;
				ENABLE_USER_SCRIPT_SANDBOXING = YES;
				GCC_C_LANGUAGE_STANDARD = gnu17;
				GCC_NO_COMMON_BLOCKS = YES;
				GCC_WARN_64_TO_32_BIT_CONVERSION = YES;
				GCC_WARN_ABOUT_RETURN_TYPE = YES_ERROR;
				GCC_WARN_UNDECLARED_SELECTOR = YES;
				GCC_WARN_UNINITIALIZED_AUTOS = YES_AGGRESSIVE;
				GCC_WARN_UNUSED_FUNCTION = YES;
				GCC_WARN_UNUSED_VARIABLE = YES;
				IPHONEOS_DEPLOYMENT_TARGET = 26.4;
				LOCALIZATION_PREFERS_STRING_CATALOGS = YES;
				MTL_ENABLE_DEBUG_INFO = NO;
				MTL_FAST_MATH = YES;
				SDKROOT = iphoneos;
				SWIFT_COMPILATION_MODE = wholemodule;
				VALIDATE_PRODUCT = YES;
			};
			name = Release;
		};
		B16AB3E82FAA74BB0068D7DA /* Debug */ = {
			isa = XCBuildConfiguration;
			buildSettings = {
				ASSETCATALOG_COMPILER_APPICON_NAME = AppIcon;
				ASSETCATALOG_COMPILER_GLOBAL_ACCENT_COLOR_NAME = AccentColor;
				CODE_SIGN_ENTITLEMENTS = "The Friendly Fitness Companion.entitlements";
				CODE_SIGN_STYLE = Automatic;
				CURRENT_PROJECT_VERSION = 1;
				DEVELOPMENT_TEAM = 5HY722746C;
				ENABLE_PREVIEWS = YES;
				GENERATE_INFOPLIST_FILE = YES;
				INFOPLIST_KEY_NSHealthShareUsageDescription = "The Friendly Fitness Companion uses HealthKit to sync your body measurements and metabolic data.";
				INFOPLIST_KEY_NSHealthUpdateUsageDescription = "The Friendly Fitness Companion uses HealthKit to save your workouts and nutrition to Apple Health.";
				INFOPLIST_KEY_UIApplicationSceneManifest_Generation = YES;
				INFOPLIST_KEY_UIApplicationSupportsIndirectInputEvents = YES;
				INFOPLIST_KEY_UILaunchScreen_Generation = YES;
				INFOPLIST_KEY_UISupportedInterfaceOrientations_iPad = "UIInterfaceOrientationPortrait UIInterfaceOrientationPortraitUpsideDown UIInterfaceOrientationLandscapeLeft UIInterfaceOrientationLandscapeRight";
				INFOPLIST_KEY_UISupportedInterfaceOrientations_iPhone = "UIInterfaceOrientationPortrait UIInterfaceOrientationLandscapeLeft UIInterfaceOrientationLandscapeRight";
				LD_RUNPATH_SEARCH_PATHS = (
					"$(inherited)",
					"@executable_path/Frameworks",
				);
				MARKETING_VERSION = 1.0;
				PRODUCT_BUNDLE_IDENTIFIER = "com.larryfields.The-Friendly-Fitness-Companion";
				PRODUCT_NAME = "$(TARGET_NAME)";
				STRING_CATALOG_GENERATE_SYMBOLS = YES;
				SWIFT_APPROACHABLE_CONCURRENCY = YES;
				SWIFT_DEFAULT_ACTOR_ISOLATION = MainActor;
				SWIFT_EMIT_LOC_STRINGS = YES;
				SWIFT_UPCOMING_FEATURE_MEMBER_IMPORT_VISIBILITY = YES;
				SWIFT_VERSION = 5.0;
				TARGETED_DEVICE_FAMILY = "1,2";
			};
			name = Debug;
		};
		B16AB3E92FAA74BB0068D7DA /* Release */ = {
			isa = XCBuildConfiguration;
			buildSettings = {
				ASSETCATALOG_COMPILER_APPICON_NAME = AppIcon;
				ASSETCATALOG_COMPILER_GLOBAL_ACCENT_COLOR_NAME = AccentColor;
				CODE_SIGN_ENTITLEMENTS = "The Friendly Fitness Companion.entitlements";
				CODE_SIGN_STYLE = Automatic;
				CURRENT_PROJECT_VERSION = 1;
				DEVELOPMENT_TEAM = 5HY722746C;
				ENABLE_PREVIEWS = YES;
				GENERATE_INFOPLIST_FILE = YES;
				INFOPLIST_KEY_NSHealthShareUsageDescription = "The Friendly Fitness Companion uses HealthKit to sync your body measurements and metabolic data.";
				INFOPLIST_KEY_NSHealthUpdateUsageDescription = "The Friendly Fitness Companion uses HealthKit to save your workouts and nutrition to Apple Health.";
				INFOPLIST_KEY_UIApplicationSceneManifest_Generation = YES;
				INFOPLIST_KEY_UIApplicationSupportsIndirectInputEvents = YES;
				INFOPLIST_KEY_UILaunchScreen_Generation = YES;
				INFOPLIST_KEY_UISupportedInterfaceOrientations_iPad = "UIInterfaceOrientationPortrait UIInterfaceOrientationPortraitUpsideDown UIInterfaceOrientationLandscapeLeft UIInterfaceOrientationLandscapeRight";
				INFOPLIST_KEY_UISupportedInterfaceOrientations_iPhone = "UIInterfaceOrientationPortrait UIInterfaceOrientationLandscapeLeft UIInterfaceOrientationLandscapeRight";
				LD_RUNPATH_SEARCH_PATHS = (
					"$(inherited)",
					"@executable_path/Frameworks",
				);
				MARKETING_VERSION = 1.0;
				PRODUCT_BUNDLE_IDENTIFIER = "com.larryfields.The-Friendly-Fitness-Companion";
				PRODUCT_NAME = "$(TARGET_NAME)";
				STRING_CATALOG_GENERATE_SYMBOLS = YES;
				SWIFT_APPROACHABLE_CONCURRENCY = YES;
				SWIFT_DEFAULT_ACTOR_ISOLATION = MainActor;
				SWIFT_EMIT_LOC_STRINGS = YES;
				SWIFT_UPCOMING_FEATURE_MEMBER_IMPORT_VISIBILITY = YES;
				SWIFT_VERSION = 5.0;
				TARGETED_DEVICE_FAMILY = "1,2";
			};
			name = Release;
		};
/* End XCBuildConfiguration section */

/* Begin XCConfigurationList section */
		B16AB3D52FAA74BA0068D7DA /* Build configuration list for PBXProject "The Friendly Fitness Companion" */ = {
			isa = XCConfigurationList;
			buildConfigurations = (
				B16AB3E52FAA74BB0068D7DA /* Debug */,
				B16AB3E62FAA74BB0068D7DA /* Release */,
			);
			defaultConfigurationIsVisible = 0;
			defaultConfigurationName = Release;
		};
		B16AB3E72FAA74BB0068D7DA /* Build configuration list for PBXNativeTarget "The Friendly Fitness Companion" */ = {
			isa = XCConfigurationList;
			buildConfigurations = (
				B16AB3E82FAA74BB0068D7DA /* Debug */,
				B16AB3E92FAA74BB0068D7DA /* Release */,
			);
			defaultConfigurationIsVisible = 0;
			defaultConfigurationName = Release;
		};
/* End XCConfigurationList section */
	};
	rootObject = B16AB3D22FAA74BA0068D7DA /* Project object */;
}
